
Microsoft Visual Studio Solution File, Format Version 12.00
# Visual Studio 15
VisualStudioVersion = 15.0.28307.705
MinimumVisualStudioVersion = 10.0.40219.1
Project("{FAE04EC0-301F-11D3-BF4B-00C04F79EFBC}") = "Component", "Component\Component.csproj", "{1DF25C84-A39F-4B3A-B19D-452A5AA9CD15}"
EndProject
Project("{FAE04EC0-301F-11D3-BF4B-00C04F79EFBC}") = "BFF", "BFF\BFF.csproj", "{829ECA47-E39D-46C7-AB0A-11A3A9FB2D70}"
EndProject
Global
	GlobalSection(SolutionConfigurationPlatforms) = preSolution
		Debug|Any CPU = Debug|Any CPU
		Release|Any CPU = Release|Any CPU
	EndGlobalSection
	GlobalSection(ProjectConfigurationPlatforms) = postSolution
		{1DF25C84-A39F-4B3A-B19D-452A5AA9CD15}.Debug|Any CPU.ActiveCfg = Debug|Any CPU
		{1DF25C84-A39F-4B3A-B19D-452A5AA9CD15}.Debug|Any CPU.Build.0 = Debug|Any CPU
		{1DF25C84-A39F-4B3A-B19D-452A5AA9CD15}.Release|Any CPU.ActiveCfg = Release|Any CPU
		{1DF25C84-A39F-4B3A-B19D-452A5AA9CD15}.Release|Any CPU.Build.0 = Release|Any CPU
		{829ECA47-E39D-46C7-AB0A-11A3A9FB2D70}.Debug|Any CPU.ActiveCfg = Debug|Any CPU
		{829ECA47-E39D-46C7-AB0A-11A3A9FB2D70}.Debug|Any CPU.Build.0 = Debug|Any CPU
		{829ECA47-E39D-46C7-AB0A-11A3A9FB2D70}.Release|Any CPU.ActiveCfg = Release|Any CPU
		{829ECA47-E39D-46C7-AB0A-11A3A9FB2D70}.Release|Any CPU.Build.0 = Release|Any CPU
	EndGlobalSection
	GlobalSection(SolutionProperties) = preSolution
		HideSolutionNode = FALSE
	EndGlobalSection
	GlobalSection(ExtensibilityGlobals) = postSolution
		SolutionGuid = {5F9A5F3A-D8AF-4DBD-9E07-03A303065564}
	EndGlobalSection
EndGlobal
