
Microsoft Visual Studio Solution File, Format Version 12.00
# Visual Studio Version 16
VisualStudioVersion = 16.0.29020.237
MinimumVisualStudioVersion = 10.0.40219.1
Project("{9A19103F-16F7-4668-BE54-9A1E7A4F7556}") = "Component", "Component\Component.csproj", "{1DF25C84-A39F-4B3A-B19D-452A5AA9CD15}"
EndProject
Project("{9A19103F-16F7-4668-BE54-9A1E7A4F7556}") = "BFF", "BFF\BFF.csproj", "{829ECA47-E39D-46C7-AB0A-11A3A9FB2D70}"
EndProject
Project("{2150E333-8FDC-42A3-9474-1A3956D46DE8}") = "Infrastructure", "Infrastructure", "{C3F38279-CAC7-4E2C-825B-83A441C1636C}"
EndProject
Project("{2150E333-8FDC-42A3-9474-1A3956D46DE8}") = "Terraforn", "Terraforn", "{E4FAB898-172E-4C8E-8396-76E50138B153}"
	ProjectSection(SolutionItems) = preProject
		Infrastructure\Terraform\main.tf = Infrastructure\Terraform\main.tf
		Infrastructure\Terraform\output.tf = Infrastructure\Terraform\output.tf
		Infrastructure\Terraform\resource.cognito.tf = Infrastructure\Terraform\resource.cognito.tf
		Infrastructure\Terraform\variables.tf = Infrastructure\Terraform\variables.tf
	EndProjectSection
EndProject
Global
	GlobalSection(SolutionConfigurationPlatforms) = preSolution
		Debug|Any CPU = Debug|Any CPU
		Release|Any CPU = Release|Any CPU
	EndGlobalSection
	GlobalSection(ProjectConfigurationPlatforms) = postSolution
		{1DF25C84-A39F-4B3A-B19D-452A5AA9CD15}.Debug|Any CPU.ActiveCfg = Debug|Any CPU
		{1DF25C84-A39F-4B3A-B19D-452A5AA9CD15}.Debug|Any CPU.Build.0 = Debug|Any CPU
		{1DF25C84-A39F-4B3A-B19D-452A5AA9CD15}.Release|Any CPU.ActiveCfg = Release|Any CPU
		{1DF25C84-A39F-4B3A-B19D-452A5AA9CD15}.Release|Any CPU.Build.0 = Release|Any CPU
		{829ECA47-E39D-46C7-AB0A-11A3A9FB2D70}.Debug|Any CPU.ActiveCfg = Debug|Any CPU
		{829ECA47-E39D-46C7-AB0A-11A3A9FB2D70}.Debug|Any CPU.Build.0 = Debug|Any CPU
		{829ECA47-E39D-46C7-AB0A-11A3A9FB2D70}.Release|Any CPU.ActiveCfg = Release|Any CPU
		{829ECA47-E39D-46C7-AB0A-11A3A9FB2D70}.Release|Any CPU.Build.0 = Release|Any CPU
	EndGlobalSection
	GlobalSection(SolutionProperties) = preSolution
		HideSolutionNode = FALSE
	EndGlobalSection
	GlobalSection(NestedProjects) = preSolution
		{E4FAB898-172E-4C8E-8396-76E50138B153} = {C3F38279-CAC7-4E2C-825B-83A441C1636C}
	EndGlobalSection
	GlobalSection(ExtensibilityGlobals) = postSolution
		SolutionGuid = {5F9A5F3A-D8AF-4DBD-9E07-03A303065564}
	EndGlobalSection
EndGlobal
